
Microsoft Visual Studio Solution File, Format Version 12.00
# Visual Studio 15
VisualStudioVersion = 15.0.28010.2050
MinimumVisualStudioVersion = 10.0.40219.1
Project("{FAE04EC0-301F-11D3-BF4B-00C04F79EFBC}") = "StoreApp.Data", "StoreApp.Data\StoreApp.Data.csproj", "{B48AD396-EC5C-450E-BF73-500D9CF19680}"
EndProject
Project("{FAE04EC0-301F-11D3-BF4B-00C04F79EFBC}") = "StoreApp.WebApi", "StoreApp.WebApi\StoreApp.WebApi.csproj", "{80C49291-EACA-4894-ADC0-F4BFB920EB3C}"
EndProject
Project("{FAE04EC0-301F-11D3-BF4B-00C04F79EFBC}") = "StoreApp.MvcWebUI", "StoreApp.MvcWebUI\StoreApp.MvcWebUI.csproj", "{3EF74B73-93CB-4EF7-AD53-498407710730}"
EndProject
Project("{FAE04EC0-301F-11D3-BF4B-00C04F79EFBC}") = "StoreApp.Entities", "StoreApp.Entities\StoreApp.Entities.csproj", "{A65C4A52-B2EA-4EC8-AD95-1307F1A99347}"
EndProject
Project("{E24C65DC-7377-472B-9ABA-BC803B73C61A}") = "StoreApp.HtmlExamples", "StoreApp.HtmlExamples\", "{E3717812-7F09-4345-907E-7F055B6BC169}"
	ProjectSection(WebsiteProperties) = preProject
		TargetFrameworkMoniker = ".NETFramework,Version%3Dv4.5.2"
		Debug.AspNetCompiler.VirtualPath = "/localhost_51292"
		Debug.AspNetCompiler.PhysicalPath = "StoreApp.HtmlExamples\"
		Debug.AspNetCompiler.TargetPath = "PrecompiledWeb\localhost_51292\"
		Debug.AspNetCompiler.Updateable = "true"
		Debug.AspNetCompiler.ForceOverwrite = "true"
		Debug.AspNetCompiler.FixedNames = "false"
		Debug.AspNetCompiler.Debug = "True"
		Release.AspNetCompiler.VirtualPath = "/localhost_51292"
		Release.AspNetCompiler.PhysicalPath = "StoreApp.HtmlExamples\"
		Release.AspNetCompiler.TargetPath = "PrecompiledWeb\localhost_51292\"
		Release.AspNetCompiler.Updateable = "true"
		Release.AspNetCompiler.ForceOverwrite = "true"
		Release.AspNetCompiler.FixedNames = "false"
		Release.AspNetCompiler.Debug = "False"
		VWDPort = "51292"
		SlnRelativePath = "StoreApp.HtmlExamples\"
		DefaultWebSiteLanguage = "Visual C#"
	EndProjectSection
EndProject
Global
	GlobalSection(SolutionConfigurationPlatforms) = preSolution
		Debug|Any CPU = Debug|Any CPU
		Release|Any CPU = Release|Any CPU
	EndGlobalSection
	GlobalSection(ProjectConfigurationPlatforms) = postSolution
		{B48AD396-EC5C-450E-BF73-500D9CF19680}.Debug|Any CPU.ActiveCfg = Debug|Any CPU
		{B48AD396-EC5C-450E-BF73-500D9CF19680}.Debug|Any CPU.Build.0 = Debug|Any CPU
		{B48AD396-EC5C-450E-BF73-500D9CF19680}.Release|Any CPU.ActiveCfg = Release|Any CPU
		{B48AD396-EC5C-450E-BF73-500D9CF19680}.Release|Any CPU.Build.0 = Release|Any CPU
		{80C49291-EACA-4894-ADC0-F4BFB920EB3C}.Debug|Any CPU.ActiveCfg = Debug|Any CPU
		{80C49291-EACA-4894-ADC0-F4BFB920EB3C}.Debug|Any CPU.Build.0 = Debug|Any CPU
		{80C49291-EACA-4894-ADC0-F4BFB920EB3C}.Release|Any CPU.ActiveCfg = Release|Any CPU
		{80C49291-EACA-4894-ADC0-F4BFB920EB3C}.Release|Any CPU.Build.0 = Release|Any CPU
		{3EF74B73-93CB-4EF7-AD53-498407710730}.Debug|Any CPU.ActiveCfg = Debug|Any CPU
		{3EF74B73-93CB-4EF7-AD53-498407710730}.Debug|Any CPU.Build.0 = Debug|Any CPU
		{3EF74B73-93CB-4EF7-AD53-498407710730}.Release|Any CPU.ActiveCfg = Release|Any CPU
		{3EF74B73-93CB-4EF7-AD53-498407710730}.Release|Any CPU.Build.0 = Release|Any CPU
		{A65C4A52-B2EA-4EC8-AD95-1307F1A99347}.Debug|Any CPU.ActiveCfg = Debug|Any CPU
		{A65C4A52-B2EA-4EC8-AD95-1307F1A99347}.Debug|Any CPU.Build.0 = Debug|Any CPU
		{A65C4A52-B2EA-4EC8-AD95-1307F1A99347}.Release|Any CPU.ActiveCfg = Release|Any CPU
		{A65C4A52-B2EA-4EC8-AD95-1307F1A99347}.Release|Any CPU.Build.0 = Release|Any CPU
		{E3717812-7F09-4345-907E-7F055B6BC169}.Debug|Any CPU.ActiveCfg = Debug|Any CPU
		{E3717812-7F09-4345-907E-7F055B6BC169}.Debug|Any CPU.Build.0 = Debug|Any CPU
		{E3717812-7F09-4345-907E-7F055B6BC169}.Release|Any CPU.ActiveCfg = Debug|Any CPU
		{E3717812-7F09-4345-907E-7F055B6BC169}.Release|Any CPU.Build.0 = Debug|Any CPU
	EndGlobalSection
	GlobalSection(SolutionProperties) = preSolution
		HideSolutionNode = FALSE
	EndGlobalSection
	GlobalSection(ExtensibilityGlobals) = postSolution
		SolutionGuid = {E7E974EB-F12D-43E1-B1B7-951B72ABF1EF}
	EndGlobalSection
EndGlobal
